<Solution>
  <Project Path="Developer.Notifications.Examples/Developer.Notifications.Examples.csproj" Id="8b029211-223b-4c5b-8625-ee4445517a5a" />
  <Project Path="Developer.Notifications.TestProject/Developer.Notifications.TestProject.csproj" Id="acfa75da-0734-4c30-bc91-8a28ccaec2d0" />
  <Project Path="Developer.Notifications/Developer.Notifications.csproj" Id="9b493f19-feca-45ca-aba0-e6854675fff2" />
</Solution>
